<?xml version="1.0" encoding="utf-8"?>
<Project ToolsVersion="4.0" xmlns="http://schemas.microsoft.com/developer/msbuild/2003">
  <ItemGroup>
    <ClCompile Include="DDGI.cpp" />
    <ClCompile Include="HybridRenderer.cpp" />
    <ClCompile Include="OctahedralMapping.cpp" />
    <ClCompile Include="LightFieldProbeRayTracing.cpp" />
    <ClCompile Include="DownscalePass.cpp" />
    <ClCompile Include="LightFieldProbeVolume.cpp" />
    <ClCompile Include="LightFieldProbeShading.cpp" />
  </ItemGroup>
  <ItemGroup>
    <Filter Include="Data">
      <UniqueIdentifier>{568100f5-73ac-45da-8bf6-1f1b37c395e5}</UniqueIdentifier>
    </Filter>
  </ItemGroup>
  <ItemGroup>
    <ClInclude Include="HybridRenderer.h" />
    <ClInclude Include="OctahedralMapping.h" />
    <ClInclude Include="LightFieldProbeRayTracing.h" />
    <ClInclude Include="DownscalePass.h" />
    <ClInclude Include="LightFieldProbeVolume.h" />
    <ClInclude Include="LightFieldProbeShading.h" />
  </ItemGroup>
  <ItemGroup>
    <None Include="Data\OctahedralMapping.slang">
      <Filter>Data</Filter>
    </None>
    <None Include="Data\LightFieldProbeViewer.ps.slang">
      <Filter>Data</Filter>
    </None>
    <None Include="Data\LightFieldProbeRayTracing.slang">
      <Filter>Data</Filter>
    </None>
    <None Include="Data\LightFieldProbe.slang">
      <Filter>Data</Filter>
    </None>
    <None Include="Data\DownscalePass.slang">
      <Filter>Data</Filter>
    </None>
    <None Include="Data\LightFieldProbeShading.slang">
      <Filter>Data</Filter>
    </None>
  </ItemGroup>
</Project>