<?xml version="1.0" encoding="utf-8"?>
<Project ToolsVersion="4.0" xmlns="http://schemas.microsoft.com/developer/msbuild/2003">
  <ItemGroup>
    <ClCompile Include="DDGI.cpp" />
    <ClCompile Include="HybridRenderer.cpp" />
    <ClCompile Include="LightFieldProbe.cpp" />
    <ClCompile Include="GBufferShading.cpp" />
    <ClCompile Include="OctahedralMapping.cpp" />
  </ItemGroup>
  <ItemGroup>
    <Filter Include="Data">
      <UniqueIdentifier>{568100f5-73ac-45da-8bf6-1f1b37c395e5}</UniqueIdentifier>
    </Filter>
  </ItemGroup>
  <ItemGroup>
    <ClInclude Include="HybridRenderer.h" />
    <ClInclude Include="LightFieldProbe.h" />
    <ClInclude Include="GBufferShading.h" />
    <ClInclude Include="OctahedralMapping.h" />
  </ItemGroup>
  <ItemGroup>
    <None Include="Data\GBufferShading.slang">
      <Filter>Data</Filter>
    </None>
    <None Include="Data\OctahedralMapping.slang">
      <Filter>Data</Filter>
    </None>
    <None Include="Data\Octahedral.slang">
      <Filter>Data</Filter>
    </None>
    <None Include="Data\LightFieldProbeViewer.ps.slang">
      <Filter>Data</Filter>
    </None>
  </ItemGroup>
</Project>